
Microsoft Visual Studio Solution File, Format Version 12.00
# Visual Studio 15
VisualStudioVersion = 15.0.26124.0
MinimumVisualStudioVersion = 15.0.26124.0
Project("{2150E333-8FDC-42A3-9474-1A3956D46DE8}") = "src", "src", "{8F47FB5A-B385-4CA7-A673-F28AB4B0C486}"
EndProject
Project("{F2A71F9B-5D33-465A-A702-920D77279786}") = "Persistence", "src\Persistence\Persistence.fsproj", "{EB639E1B-012D-4133-97B1-73306947FC4B}"
EndProject
Project("{F2A71F9B-5D33-465A-A702-920D77279786}") = "Core", "src\Core\Core.fsproj", "{4CFEDFF9-A31A-4876-8AF3-96C8BE27FA35}"
EndProject
Project("{F2A71F9B-5D33-465A-A702-920D77279786}") = "App", "src\App\App.fsproj", "{22410F1C-C555-44BB-9DE7-1EA732208771}"
EndProject
Project("{F2A71F9B-5D33-465A-A702-920D77279786}") = "Api", "src\Api\Api.fsproj", "{3AC56FA3-EC23-448D-8B5C-A1D985CC58DC}"
EndProject
Project("{2150E333-8FDC-42A3-9474-1A3956D46DE8}") = "Client", "Client", "{A73BD9EA-F370-4435-83DF-A8CA72A69D96}"
EndProject
Project("{F2A71F9B-5D33-465A-A702-920D77279786}") = "App", "src\Client\src\App.fsproj", "{C568BCE3-B21E-4D2F-BAB2-09A63EA44FF2}"
EndProject
Project("{F2A71F9B-5D33-465A-A702-920D77279786}") = "ApiTests", "src\ApiTests\ApiTests.fsproj", "{302D3973-DA1E-4676-9762-E3B7450AC51B}"
EndProject
Global
	GlobalSection(SolutionConfigurationPlatforms) = preSolution
		Debug|Any CPU = Debug|Any CPU
		Debug|x64 = Debug|x64
		Debug|x86 = Debug|x86
		Release|Any CPU = Release|Any CPU
		Release|x64 = Release|x64
		Release|x86 = Release|x86
	EndGlobalSection
	GlobalSection(SolutionProperties) = preSolution
		HideSolutionNode = FALSE
	EndGlobalSection
	GlobalSection(ProjectConfigurationPlatforms) = postSolution
		{8F2DE93E-807F-4808-8928-BA05A3430ECD}.Debug|Any CPU.ActiveCfg = Debug|Any CPU
		{8F2DE93E-807F-4808-8928-BA05A3430ECD}.Debug|Any CPU.Build.0 = Debug|Any CPU
		{8F2DE93E-807F-4808-8928-BA05A3430ECD}.Debug|x64.ActiveCfg = Debug|Any CPU
		{8F2DE93E-807F-4808-8928-BA05A3430ECD}.Debug|x64.Build.0 = Debug|Any CPU
		{8F2DE93E-807F-4808-8928-BA05A3430ECD}.Debug|x86.ActiveCfg = Debug|Any CPU
		{8F2DE93E-807F-4808-8928-BA05A3430ECD}.Debug|x86.Build.0 = Debug|Any CPU
		{8F2DE93E-807F-4808-8928-BA05A3430ECD}.Release|Any CPU.ActiveCfg = Release|Any CPU
		{8F2DE93E-807F-4808-8928-BA05A3430ECD}.Release|Any CPU.Build.0 = Release|Any CPU
		{8F2DE93E-807F-4808-8928-BA05A3430ECD}.Release|x64.ActiveCfg = Release|Any CPU
		{8F2DE93E-807F-4808-8928-BA05A3430ECD}.Release|x64.Build.0 = Release|Any CPU
		{8F2DE93E-807F-4808-8928-BA05A3430ECD}.Release|x86.ActiveCfg = Release|Any CPU
		{8F2DE93E-807F-4808-8928-BA05A3430ECD}.Release|x86.Build.0 = Release|Any CPU
		{EB639E1B-012D-4133-97B1-73306947FC4B}.Debug|Any CPU.ActiveCfg = Debug|Any CPU
		{EB639E1B-012D-4133-97B1-73306947FC4B}.Debug|Any CPU.Build.0 = Debug|Any CPU
		{EB639E1B-012D-4133-97B1-73306947FC4B}.Debug|x64.ActiveCfg = Debug|Any CPU
		{EB639E1B-012D-4133-97B1-73306947FC4B}.Debug|x64.Build.0 = Debug|Any CPU
		{EB639E1B-012D-4133-97B1-73306947FC4B}.Debug|x86.ActiveCfg = Debug|Any CPU
		{EB639E1B-012D-4133-97B1-73306947FC4B}.Debug|x86.Build.0 = Debug|Any CPU
		{EB639E1B-012D-4133-97B1-73306947FC4B}.Release|Any CPU.ActiveCfg = Release|Any CPU
		{EB639E1B-012D-4133-97B1-73306947FC4B}.Release|Any CPU.Build.0 = Release|Any CPU
		{EB639E1B-012D-4133-97B1-73306947FC4B}.Release|x64.ActiveCfg = Release|Any CPU
		{EB639E1B-012D-4133-97B1-73306947FC4B}.Release|x64.Build.0 = Release|Any CPU
		{EB639E1B-012D-4133-97B1-73306947FC4B}.Release|x86.ActiveCfg = Release|Any CPU
		{EB639E1B-012D-4133-97B1-73306947FC4B}.Release|x86.Build.0 = Release|Any CPU
		{4CFEDFF9-A31A-4876-8AF3-96C8BE27FA35}.Debug|Any CPU.ActiveCfg = Debug|Any CPU
		{4CFEDFF9-A31A-4876-8AF3-96C8BE27FA35}.Debug|Any CPU.Build.0 = Debug|Any CPU
		{4CFEDFF9-A31A-4876-8AF3-96C8BE27FA35}.Debug|x64.ActiveCfg = Debug|Any CPU
		{4CFEDFF9-A31A-4876-8AF3-96C8BE27FA35}.Debug|x64.Build.0 = Debug|Any CPU
		{4CFEDFF9-A31A-4876-8AF3-96C8BE27FA35}.Debug|x86.ActiveCfg = Debug|Any CPU
		{4CFEDFF9-A31A-4876-8AF3-96C8BE27FA35}.Debug|x86.Build.0 = Debug|Any CPU
		{4CFEDFF9-A31A-4876-8AF3-96C8BE27FA35}.Release|Any CPU.ActiveCfg = Release|Any CPU
		{4CFEDFF9-A31A-4876-8AF3-96C8BE27FA35}.Release|Any CPU.Build.0 = Release|Any CPU
		{4CFEDFF9-A31A-4876-8AF3-96C8BE27FA35}.Release|x64.ActiveCfg = Release|Any CPU
		{4CFEDFF9-A31A-4876-8AF3-96C8BE27FA35}.Release|x64.Build.0 = Release|Any CPU
		{4CFEDFF9-A31A-4876-8AF3-96C8BE27FA35}.Release|x86.ActiveCfg = Release|Any CPU
		{4CFEDFF9-A31A-4876-8AF3-96C8BE27FA35}.Release|x86.Build.0 = Release|Any CPU
		{22410F1C-C555-44BB-9DE7-1EA732208771}.Debug|Any CPU.ActiveCfg = Debug|Any CPU
		{22410F1C-C555-44BB-9DE7-1EA732208771}.Debug|Any CPU.Build.0 = Debug|Any CPU
		{22410F1C-C555-44BB-9DE7-1EA732208771}.Debug|x64.ActiveCfg = Debug|Any CPU
		{22410F1C-C555-44BB-9DE7-1EA732208771}.Debug|x64.Build.0 = Debug|Any CPU
		{22410F1C-C555-44BB-9DE7-1EA732208771}.Debug|x86.ActiveCfg = Debug|Any CPU
		{22410F1C-C555-44BB-9DE7-1EA732208771}.Debug|x86.Build.0 = Debug|Any CPU
		{22410F1C-C555-44BB-9DE7-1EA732208771}.Release|Any CPU.ActiveCfg = Release|Any CPU
		{22410F1C-C555-44BB-9DE7-1EA732208771}.Release|Any CPU.Build.0 = Release|Any CPU
		{22410F1C-C555-44BB-9DE7-1EA732208771}.Release|x64.ActiveCfg = Release|Any CPU
		{22410F1C-C555-44BB-9DE7-1EA732208771}.Release|x64.Build.0 = Release|Any CPU
		{22410F1C-C555-44BB-9DE7-1EA732208771}.Release|x86.ActiveCfg = Release|Any CPU
		{22410F1C-C555-44BB-9DE7-1EA732208771}.Release|x86.Build.0 = Release|Any CPU
		{3AC56FA3-EC23-448D-8B5C-A1D985CC58DC}.Debug|Any CPU.ActiveCfg = Debug|Any CPU
		{3AC56FA3-EC23-448D-8B5C-A1D985CC58DC}.Debug|Any CPU.Build.0 = Debug|Any CPU
		{3AC56FA3-EC23-448D-8B5C-A1D985CC58DC}.Debug|x64.ActiveCfg = Debug|Any CPU
		{3AC56FA3-EC23-448D-8B5C-A1D985CC58DC}.Debug|x64.Build.0 = Debug|Any CPU
		{3AC56FA3-EC23-448D-8B5C-A1D985CC58DC}.Debug|x86.ActiveCfg = Debug|Any CPU
		{3AC56FA3-EC23-448D-8B5C-A1D985CC58DC}.Debug|x86.Build.0 = Debug|Any CPU
		{3AC56FA3-EC23-448D-8B5C-A1D985CC58DC}.Release|Any CPU.ActiveCfg = Release|Any CPU
		{3AC56FA3-EC23-448D-8B5C-A1D985CC58DC}.Release|Any CPU.Build.0 = Release|Any CPU
		{3AC56FA3-EC23-448D-8B5C-A1D985CC58DC}.Release|x64.ActiveCfg = Release|Any CPU
		{3AC56FA3-EC23-448D-8B5C-A1D985CC58DC}.Release|x64.Build.0 = Release|Any CPU
		{3AC56FA3-EC23-448D-8B5C-A1D985CC58DC}.Release|x86.ActiveCfg = Release|Any CPU
		{3AC56FA3-EC23-448D-8B5C-A1D985CC58DC}.Release|x86.Build.0 = Release|Any CPU
		{C568BCE3-B21E-4D2F-BAB2-09A63EA44FF2}.Debug|Any CPU.ActiveCfg = Debug|Any CPU
		{C568BCE3-B21E-4D2F-BAB2-09A63EA44FF2}.Debug|Any CPU.Build.0 = Debug|Any CPU
		{C568BCE3-B21E-4D2F-BAB2-09A63EA44FF2}.Debug|x64.ActiveCfg = Debug|Any CPU
		{C568BCE3-B21E-4D2F-BAB2-09A63EA44FF2}.Debug|x64.Build.0 = Debug|Any CPU
		{C568BCE3-B21E-4D2F-BAB2-09A63EA44FF2}.Debug|x86.ActiveCfg = Debug|Any CPU
		{C568BCE3-B21E-4D2F-BAB2-09A63EA44FF2}.Debug|x86.Build.0 = Debug|Any CPU
		{C568BCE3-B21E-4D2F-BAB2-09A63EA44FF2}.Release|Any CPU.ActiveCfg = Release|Any CPU
		{C568BCE3-B21E-4D2F-BAB2-09A63EA44FF2}.Release|Any CPU.Build.0 = Release|Any CPU
		{C568BCE3-B21E-4D2F-BAB2-09A63EA44FF2}.Release|x64.ActiveCfg = Release|Any CPU
		{C568BCE3-B21E-4D2F-BAB2-09A63EA44FF2}.Release|x64.Build.0 = Release|Any CPU
		{C568BCE3-B21E-4D2F-BAB2-09A63EA44FF2}.Release|x86.ActiveCfg = Release|Any CPU
		{C568BCE3-B21E-4D2F-BAB2-09A63EA44FF2}.Release|x86.Build.0 = Release|Any CPU
		{302D3973-DA1E-4676-9762-E3B7450AC51B}.Debug|Any CPU.ActiveCfg = Debug|Any CPU
		{302D3973-DA1E-4676-9762-E3B7450AC51B}.Debug|Any CPU.Build.0 = Debug|Any CPU
		{302D3973-DA1E-4676-9762-E3B7450AC51B}.Debug|x64.ActiveCfg = Debug|Any CPU
		{302D3973-DA1E-4676-9762-E3B7450AC51B}.Debug|x64.Build.0 = Debug|Any CPU
		{302D3973-DA1E-4676-9762-E3B7450AC51B}.Debug|x86.ActiveCfg = Debug|Any CPU
		{302D3973-DA1E-4676-9762-E3B7450AC51B}.Debug|x86.Build.0 = Debug|Any CPU
		{302D3973-DA1E-4676-9762-E3B7450AC51B}.Release|Any CPU.ActiveCfg = Release|Any CPU
		{302D3973-DA1E-4676-9762-E3B7450AC51B}.Release|Any CPU.Build.0 = Release|Any CPU
		{302D3973-DA1E-4676-9762-E3B7450AC51B}.Release|x64.ActiveCfg = Release|Any CPU
		{302D3973-DA1E-4676-9762-E3B7450AC51B}.Release|x64.Build.0 = Release|Any CPU
		{302D3973-DA1E-4676-9762-E3B7450AC51B}.Release|x86.ActiveCfg = Release|Any CPU
		{302D3973-DA1E-4676-9762-E3B7450AC51B}.Release|x86.Build.0 = Release|Any CPU
	EndGlobalSection
	GlobalSection(NestedProjects) = preSolution
		{EB639E1B-012D-4133-97B1-73306947FC4B} = {8F47FB5A-B385-4CA7-A673-F28AB4B0C486}
		{4CFEDFF9-A31A-4876-8AF3-96C8BE27FA35} = {8F47FB5A-B385-4CA7-A673-F28AB4B0C486}
		{22410F1C-C555-44BB-9DE7-1EA732208771} = {8F47FB5A-B385-4CA7-A673-F28AB4B0C486}
		{3AC56FA3-EC23-448D-8B5C-A1D985CC58DC} = {8F47FB5A-B385-4CA7-A673-F28AB4B0C486}
		{A73BD9EA-F370-4435-83DF-A8CA72A69D96} = {8F47FB5A-B385-4CA7-A673-F28AB4B0C486}
		{C568BCE3-B21E-4D2F-BAB2-09A63EA44FF2} = {A73BD9EA-F370-4435-83DF-A8CA72A69D96}
		{302D3973-DA1E-4676-9762-E3B7450AC51B} = {8F47FB5A-B385-4CA7-A673-F28AB4B0C486}
	EndGlobalSection
EndGlobal
